
Microsoft Visual Studio Solution File, Format Version 12.00
# Visual Studio Version 17
VisualStudioVersion = 17.14.37111.16 d17.14
MinimumVisualStudioVersion = 10.0.40219.1
Project("{FAE04EC0-301F-11D3-BF4B-00C04F79EFBC}") = "TransferApp", "TransferApp\TransferApp.csproj", "{7650E3FE-9576-4BDC-9B2D-2C2162B20241}"
EndProject
Global
	GlobalSection(SolutionConfigurationPlatforms) = preSolution
		Debug|Any CPU = Debug|Any CPU
		Release|Any CPU = Release|Any CPU
	EndGlobalSection
	GlobalSection(ProjectConfigurationPlatforms) = postSolution
		{7650E3FE-9576-4BDC-9B2D-2C2162B20241}.Debug|Any CPU.ActiveCfg = Debug|Any CPU
		{7650E3FE-9576-4BDC-9B2D-2C2162B20241}.Debug|Any CPU.Build.0 = Debug|Any CPU
		{7650E3FE-9576-4BDC-9B2D-2C2162B20241}.Release|Any CPU.ActiveCfg = Release|Any CPU
		{7650E3FE-9576-4BDC-9B2D-2C2162B20241}.Release|Any CPU.Build.0 = Release|Any CPU
	EndGlobalSection
	GlobalSection(SolutionProperties) = preSolution
		HideSolutionNode = FALSE
	EndGlobalSection
	GlobalSection(ExtensibilityGlobals) = postSolution
		SolutionGuid = {95C4F4BD-5FF9-4F18-93DB-B9A0EAA916E2}
	EndGlobalSection
EndGlobal
